
Microsoft Visual Studio Solution File, Format Version 12.00
# Visual Studio Version 17
VisualStudioVersion = 17.10.35013.160
MinimumVisualStudioVersion = 10.0.40219.1
Project("{9A19103F-16F7-4668-BE54-9A1E7A4F7556}") = "OurStore", "OurStore\OurStore.csproj", "{00F36A7F-C7BB-418D-8584-C3EDB43C758A}"
EndProject
Project("{9A19103F-16F7-4668-BE54-9A1E7A4F7556}") = "Entities", "Entities\Entities.csproj", "{105D59A7-74CC-4D12-8802-5EA0C3400A80}"
EndProject
Project("{9A19103F-16F7-4668-BE54-9A1E7A4F7556}") = "Repositories", "Repositories\Repositories.csproj", "{D1A6087C-7B6B-4533-8B75-C1ADC7B52D11}"
EndProject
Project("{9A19103F-16F7-4668-BE54-9A1E7A4F7556}") = "Services", "Services\Services.csproj", "{A047BC51-6E06-43E3-93BD-877E36ECB12F}"
EndProject
Project("{9A19103F-16F7-4668-BE54-9A1E7A4F7556}") = "DTO", "DTO\DTO.csproj", "{6AC251FC-A3C5-4D45-8F63-CF4A7806320C}"
EndProject
Project("{9A19103F-16F7-4668-BE54-9A1E7A4F7556}") = "TestOurStore", "TestProject1\TestOurStore.csproj", "{8F9BEEA9-231D-4277-9533-E2F087314CF3}"
EndProject
Global
	GlobalSection(SolutionConfigurationPlatforms) = preSolution
		Debug|Any CPU = Debug|Any CPU
		Release|Any CPU = Release|Any CPU
	EndGlobalSection
	GlobalSection(ProjectConfigurationPlatforms) = postSolution
		{00F36A7F-C7BB-418D-8584-C3EDB43C758A}.Debug|Any CPU.ActiveCfg = Debug|Any CPU
		{00F36A7F-C7BB-418D-8584-C3EDB43C758A}.Debug|Any CPU.Build.0 = Debug|Any CPU
		{00F36A7F-C7BB-418D-8584-C3EDB43C758A}.Release|Any CPU.ActiveCfg = Release|Any CPU
		{00F36A7F-C7BB-418D-8584-C3EDB43C758A}.Release|Any CPU.Build.0 = Release|Any CPU
		{105D59A7-74CC-4D12-8802-5EA0C3400A80}.Debug|Any CPU.ActiveCfg = Debug|Any CPU
		{105D59A7-74CC-4D12-8802-5EA0C3400A80}.Debug|Any CPU.Build.0 = Debug|Any CPU
		{105D59A7-74CC-4D12-8802-5EA0C3400A80}.Release|Any CPU.ActiveCfg = Release|Any CPU
		{105D59A7-74CC-4D12-8802-5EA0C3400A80}.Release|Any CPU.Build.0 = Release|Any CPU
		{D1A6087C-7B6B-4533-8B75-C1ADC7B52D11}.Debug|Any CPU.ActiveCfg = Debug|Any CPU
		{D1A6087C-7B6B-4533-8B75-C1ADC7B52D11}.Debug|Any CPU.Build.0 = Debug|Any CPU
		{D1A6087C-7B6B-4533-8B75-C1ADC7B52D11}.Release|Any CPU.ActiveCfg = Release|Any CPU
		{D1A6087C-7B6B-4533-8B75-C1ADC7B52D11}.Release|Any CPU.Build.0 = Release|Any CPU
		{A047BC51-6E06-43E3-93BD-877E36ECB12F}.Debug|Any CPU.ActiveCfg = Debug|Any CPU
		{A047BC51-6E06-43E3-93BD-877E36ECB12F}.Debug|Any CPU.Build.0 = Debug|Any CPU
		{A047BC51-6E06-43E3-93BD-877E36ECB12F}.Release|Any CPU.ActiveCfg = Release|Any CPU
		{A047BC51-6E06-43E3-93BD-877E36ECB12F}.Release|Any CPU.Build.0 = Release|Any CPU
		{6AC251FC-A3C5-4D45-8F63-CF4A7806320C}.Debug|Any CPU.ActiveCfg = Debug|Any CPU
		{6AC251FC-A3C5-4D45-8F63-CF4A7806320C}.Debug|Any CPU.Build.0 = Debug|Any CPU
		{6AC251FC-A3C5-4D45-8F63-CF4A7806320C}.Release|Any CPU.ActiveCfg = Release|Any CPU
		{6AC251FC-A3C5-4D45-8F63-CF4A7806320C}.Release|Any CPU.Build.0 = Release|Any CPU
		{8F9BEEA9-231D-4277-9533-E2F087314CF3}.Debug|Any CPU.ActiveCfg = Debug|Any CPU
		{8F9BEEA9-231D-4277-9533-E2F087314CF3}.Debug|Any CPU.Build.0 = Debug|Any CPU
		{8F9BEEA9-231D-4277-9533-E2F087314CF3}.Release|Any CPU.ActiveCfg = Release|Any CPU
		{8F9BEEA9-231D-4277-9533-E2F087314CF3}.Release|Any CPU.Build.0 = Release|Any CPU
	EndGlobalSection
	GlobalSection(SolutionProperties) = preSolution
		HideSolutionNode = FALSE
	EndGlobalSection
	GlobalSection(ExtensibilityGlobals) = postSolution
		SolutionGuid = {E58EDE13-B0D5-4A0F-95C9-FBE8D4734AEA}
	EndGlobalSection
EndGlobal
